# This file is automatically @generated by Poetry 1.6.1 and should not be changed by hand.

[[package]]
name = "ply"
version = "3.11"
description = "Python Lex & Yacc"
optional = false
python-versions = "*"
files = [
    {file = "ply-3.11-py2.py3-none-any.whl", hash = "sha256:096f9b8350b65ebd2fd1346b12452efe5b9607f7482813ffca50c22722a807ce"},
    {file = "ply-3.11.tar.gz", hash = "sha256:00c7c1aaa88358b9c765b6d3000c6eec0ba42abca5351b095321aef446081da3"},
]

[metadata]
lock-version = "2.0"
python-versions = "^3.11"
content-hash = "f9a6b0a312efa0841d9c4b29ac8760db4608e7dce52d338f0f5673bad9984f05"
